
Microsoft Visual Studio Solution File, Format Version 12.00
# Visual Studio Version 17
VisualStudioVersion = 17.9.34728.123
MinimumVisualStudioVersion = 10.0.40219.1
Project("{9A19103F-16F7-4668-BE54-9A1E7A4F7556}") = "ChatService", "ChatService\ChatService.csproj", "{38329D3F-D4F0-467B-BF59-BEDB49FEC2D0}"
EndProject
Project("{2150E333-8FDC-42A3-9474-1A3956D46DE8}") = "Elementos de la solución", "Elementos de la solución", "{B79CB995-2E95-40B8-91C7-193487D8371E}"
	ProjectSection(SolutionItems) = preProject
		README.md = README.md
	EndProjectSection
EndProject
Global
	GlobalSection(SolutionConfigurationPlatforms) = preSolution
		Debug|Any CPU = Debug|Any CPU
		Release|Any CPU = Release|Any CPU
	EndGlobalSection
	GlobalSection(ProjectConfigurationPlatforms) = postSolution
		{38329D3F-D4F0-467B-BF59-BEDB49FEC2D0}.Debug|Any CPU.ActiveCfg = Debug|Any CPU
		{38329D3F-D4F0-467B-BF59-BEDB49FEC2D0}.Debug|Any CPU.Build.0 = Debug|Any CPU
		{38329D3F-D4F0-467B-BF59-BEDB49FEC2D0}.Release|Any CPU.ActiveCfg = Release|Any CPU
		{38329D3F-D4F0-467B-BF59-BEDB49FEC2D0}.Release|Any CPU.Build.0 = Release|Any CPU
	EndGlobalSection
	GlobalSection(SolutionProperties) = preSolution
		HideSolutionNode = FALSE
	EndGlobalSection
	GlobalSection(ExtensibilityGlobals) = postSolution
		SolutionGuid = {4423ECD8-3868-4624-B5D1-16631E5929F2}
	EndGlobalSection
EndGlobal
